
Microsoft Visual Studio Solution File, Format Version 12.00
# Visual Studio 15
VisualStudioVersion = 15.0.26730.8
MinimumVisualStudioVersion = 10.0.40219.1
Project("{FAE04EC0-301F-11D3-BF4B-00C04F79EFBC}") = "Crossovki2", "Crossovki2\Crossovki2.csproj", "{FF725E10-9E16-4485-A9CA-B5C6C60B3582}"
EndProject
Global
	GlobalSection(SolutionConfigurationPlatforms) = preSolution
		Debug|Any CPU = Debug|Any CPU
		Release|Any CPU = Release|Any CPU
	EndGlobalSection
	GlobalSection(ProjectConfigurationPlatforms) = postSolution
		{FF725E10-9E16-4485-A9CA-B5C6C60B3582}.Debug|Any CPU.ActiveCfg = Debug|Any CPU
		{FF725E10-9E16-4485-A9CA-B5C6C60B3582}.Debug|Any CPU.Build.0 = Debug|Any CPU
		{FF725E10-9E16-4485-A9CA-B5C6C60B3582}.Release|Any CPU.ActiveCfg = Release|Any CPU
		{FF725E10-9E16-4485-A9CA-B5C6C60B3582}.Release|Any CPU.Build.0 = Release|Any CPU
	EndGlobalSection
	GlobalSection(SolutionProperties) = preSolution
		HideSolutionNode = FALSE
	EndGlobalSection
	GlobalSection(ExtensibilityGlobals) = postSolution
		SolutionGuid = {6B91B993-9626-4992-8F0A-14F48390D848}
	EndGlobalSection
EndGlobal
